// !$*UTF8*$!
{
	archiveVersion = 1;
	classes = {
	};
	objectVersion = 46;
	objects = {

/* Begin PBXBuildFile section */
		F233DCF01802FB230088EBEE /* Foundation.framework in Frameworks */ = {isa = PBXBuildFile; fileRef = F233DCEF1802FB230088EBEE /* Foundation.framework */; };
		F233DCF21802FB230088EBEE /* CoreGraphics.framework in Frameworks */ = {isa = PBXBuildFile; fileRef = F233DCF11802FB230088EBEE /* CoreGraphics.framework */; };
		F233DCF41802FB230088EBEE /* UIKit.framework in Frameworks */ = {isa = PBXBuildFile; fileRef = F233DCF31802FB230088EBEE /* UIKit.framework */; };
		F233DCFA1802FB230088EBEE /* InfoPlist.strings in Resources */ = {isa = PBXBuildFile; fileRef = F233DCF81802FB230088EBEE /* InfoPlist.strings */; };
		F233DCFC1802FB230088EBEE /* main.m in Sources */ = {isa = PBXBuildFile; fileRef = F233DCFB1802FB230088EBEE /* main.m */; };
		F233DD001802FB230088EBEE /* AppDelegate.m in Sources */ = {isa = PBXBuildFile; fileRef = F233DCFF1802FB230088EBEE /* AppDelegate.m */; };
		F233DD021802FB230088EBEE /* Images.xcassets in Resources */ = {isa = PBXBuildFile; fileRef = F233DD011802FB230088EBEE /* Images.xcassets */; };
		F233DD091802FB240088EBEE /* XCTest.framework in Frameworks */ = {isa = PBXBuildFile; fileRef = F233DD081802FB240088EBEE /* XCTest.framework */; };
		F233DD0A1802FB240088EBEE /* Foundation.framework in Frameworks */ = {isa = PBXBuildFile; fileRef = F233DCEF1802FB230088EBEE /* Foundation.framework */; };
		F233DD0B1802FB240088EBEE /* UIKit.framework in Frameworks */ = {isa = PBXBuildFile; fileRef = F233DCF31802FB230088EBEE /* UIKit.framework */; };
		F233DD131802FB240088EBEE /* InfoPlist.strings in Resources */ = {isa = PBXBuildFile; fileRef = F233DD111802FB240088EBEE /* InfoPlist.strings */; };
		F233DD151802FB240088EBEE /* KSBTextBarTestTests.m in Sources */ = {isa = PBXBuildFile; fileRef = F233DD141802FB240088EBEE /* KSBTextBarTestTests.m */; };
		F233DD201802FD580088EBEE /* TextBarViewController.m in Sources */ = {isa = PBXBuildFile; fileRef = F233DD1F1802FD580088EBEE /* TextBarViewController.m */; };
		F233DD231802FE6D0088EBEE /* KSBTextbar.m in Sources */ = {isa = PBXBuildFile; fileRef = F233DD221802FE6D0088EBEE /* KSBTextbar.m */; };
		F233DD261802FFC50088EBEE /* upbutton_inputbox.png in Resources */ = {isa = PBXBuildFile; fileRef = F233DD241802FFC50088EBEE /* upbutton_inputbox.png */; };
		F233DD271802FFC50088EBEE /* upbutton_inputbox@2x.png in Resources */ = {isa = PBXBuildFile; fileRef = F233DD251802FFC50088EBEE /* upbutton_inputbox@2x.png */; };
/* End PBXBuildFile section */

/* Begin PBXContainerItemProxy section */
		F233DD0C1802FB240088EBEE /* PBXContainerItemProxy */ = {
			isa = PBXContainerItemProxy;
			containerPortal = F233DCE41802FB230088EBEE /* Project object */;
			proxyType = 1;
			remoteGlobalIDString = F233DCEB1802FB230088EBEE;
			remoteInfo = KSBTextBarTest;
		};
/* End PBXContainerItemProxy section */

/* Begin PBXFileReference section */
		F233DCEC1802FB230088EBEE /* KSBTextBarTest.app */ = {isa = PBXFileReference; explicitFileType = wrapper.application; includeInIndex = 0; path = KSBTextBarTest.app; sourceTree = BUILT_PRODUCTS_DIR; };
		F233DCEF1802FB230088EBEE /* Foundation.framework */ = {isa = PBXFileReference; lastKnownFileType = wrapper.framework; name = Foundation.framework; path = System/Library/Frameworks/Foundation.framework; sourceTree = SDKROOT; };
		F233DCF11802FB230088EBEE /* CoreGraphics.framework */ = {isa = PBXFileReference; lastKnownFileType = wrapper.framework; name = CoreGraphics.framework; path = System/Library/Frameworks/CoreGraphics.framework; sourceTree = SDKROOT; };
		F233DCF31802FB230088EBEE /* UIKit.framework */ = {isa = PBXFileReference; lastKnownFileType = wrapper.framework; name = UIKit.framework; path = System/Library/Frameworks/UIKit.framework; sourceTree = SDKROOT; };
		F233DCF71802FB230088EBEE /* KSBTextBarTest-Info.plist */ = {isa = PBXFileReference; lastKnownFileType = text.plist.xml; path = "KSBTextBarTest-Info.plist"; sourceTree = "<group>"; };
		F233DCF91802FB230088EBEE /* en */ = {isa = PBXFileReference; lastKnownFileType = text.plist.strings; name = en; path = en.lproj/InfoPlist.strings; sourceTree = "<group>"; };
		F233DCFB1802FB230088EBEE /* main.m */ = {isa = PBXFileReference; lastKnownFileType = sourcecode.c.objc; path = main.m; sourceTree = "<group>"; };
		F233DCFD1802FB230088EBEE /* KSBTextBarTest-Prefix.pch */ = {isa = PBXFileReference; lastKnownFileType = sourcecode.c.h; path = "KSBTextBarTest-Prefix.pch"; sourceTree = "<group>"; };
		F233DCFE1802FB230088EBEE /* AppDelegate.h */ = {isa = PBXFileReference; lastKnownFileType = sourcecode.c.h; path = AppDelegate.h; sourceTree = "<group>"; };
		F233DCFF1802FB230088EBEE /* AppDelegate.m */ = {isa = PBXFileReference; lastKnownFileType = sourcecode.c.objc; path = AppDelegate.m; sourceTree = "<group>"; };
		F233DD011802FB230088EBEE /* Images.xcassets */ = {isa = PBXFileReference; lastKnownFileType = folder.assetcatalog; path = Images.xcassets; sourceTree = "<group>"; };
		F233DD071802FB240088EBEE /* KSBTextBarTestTests.xctest */ = {isa = PBXFileReference; explicitFileType = wrapper.cfbundle; includeInIndex = 0; path = KSBTextBarTestTests.xctest; sourceTree = BUILT_PRODUCTS_DIR; };
		F233DD081802FB240088EBEE /* XCTest.framework */ = {isa = PBXFileReference; lastKnownFileType = wrapper.framework; name = XCTest.framework; path = Library/Frameworks/XCTest.framework; sourceTree = DEVELOPER_DIR; };
		F233DD101802FB240088EBEE /* KSBTextBarTestTests-Info.plist */ = {isa = PBXFileReference; lastKnownFileType = text.plist.xml; path = "KSBTextBarTestTests-Info.plist"; sourceTree = "<group>"; };
		F233DD121802FB240088EBEE /* en */ = {isa = PBXFileReference; lastKnownFileType = text.plist.strings; name = en; path = en.lproj/InfoPlist.strings; sourceTree = "<group>"; };
		F233DD141802FB240088EBEE /* KSBTextBarTestTests.m */ = {isa = PBXFileReference; lastKnownFileType = sourcecode.c.objc; path = KSBTextBarTestTests.m; sourceTree = "<group>"; };
		F233DD1E1802FD580088EBEE /* TextBarViewController.h */ = {isa = PBXFileReference; fileEncoding = 4; lastKnownFileType = sourcecode.c.h; path = TextBarViewController.h; sourceTree = "<group>"; };
		F233DD1F1802FD580088EBEE /* TextBarViewController.m */ = {isa = PBXFileReference; fileEncoding = 4; lastKnownFileType = sourcecode.c.objc; path = TextBarViewController.m; sourceTree = "<group>"; };
		F233DD211802FE6C0088EBEE /* KSBTextbar.h */ = {isa = PBXFileReference; fileEncoding = 4; lastKnownFileType = sourcecode.c.h; path = KSBTextbar.h; sourceTree = "<group>"; };
		F233DD221802FE6D0088EBEE /* KSBTextbar.m */ = {isa = PBXFileReference; fileEncoding = 4; lastKnownFileType = sourcecode.c.objc; path = KSBTextbar.m; sourceTree = "<group>"; };
		F233DD241802FFC50088EBEE /* upbutton_inputbox.png */ = {isa = PBXFileReference; lastKnownFileType = image.png; path = upbutton_inputbox.png; sourceTree = "<group>"; };
		F233DD251802FFC50088EBEE /* upbutton_inputbox@2x.png */ = {isa = PBXFileReference; lastKnownFileType = image.png; path = "upbutton_inputbox@2x.png"; sourceTree = "<group>"; };
/* End PBXFileReference section */

/* Begin PBXFrameworksBuildPhase section */
		F233DCE91802FB230088EBEE /* Frameworks */ = {
			isa = PBXFrameworksBuildPhase;
			buildActionMask = 2147483647;
			files = (
				F233DCF21802FB230088EBEE /* CoreGraphics.framework in Frameworks */,
				F233DCF41802FB230088EBEE /* UIKit.framework in Frameworks */,
				F233DCF01802FB230088EBEE /* Foundation.framework in Frameworks */,
			);
			runOnlyForDeploymentPostprocessing = 0;
		};
		F233DD041802FB240088EBEE /* Frameworks */ = {
			isa = PBXFrameworksBuildPhase;
			buildActionMask = 2147483647;
			files = (
				F233DD091802FB240088EBEE /* XCTest.framework in Frameworks */,
				F233DD0B1802FB240088EBEE /* UIKit.framework in Frameworks */,
				F233DD0A1802FB240088EBEE /* Foundation.framework in Frameworks */,
			);
			runOnlyForDeploymentPostprocessing = 0;
		};
/* End PBXFrameworksBuildPhase section */

/* Begin PBXGroup section */
		F233DCE31802FB230088EBEE = {
			isa = PBXGroup;
			children = (
				F233DCF51802FB230088EBEE /* KSBTextBarTest */,
				F233DD0E1802FB240088EBEE /* KSBTextBarTestTests */,
				F233DCEE1802FB230088EBEE /* Frameworks */,
				F233DCED1802FB230088EBEE /* Products */,
			);
			sourceTree = "<group>";
		};
		F233DCED1802FB230088EBEE /* Products */ = {
			isa = PBXGroup;
			children = (
				F233DCEC1802FB230088EBEE /* KSBTextBarTest.app */,
				F233DD071802FB240088EBEE /* KSBTextBarTestTests.xctest */,
			);
			name = Products;
			sourceTree = "<group>";
		};
		F233DCEE1802FB230088EBEE /* Frameworks */ = {
			isa = PBXGroup;
			children = (
				F233DCEF1802FB230088EBEE /* Foundation.framework */,
				F233DCF11802FB230088EBEE /* CoreGraphics.framework */,
				F233DCF31802FB230088EBEE /* UIKit.framework */,
				F233DD081802FB240088EBEE /* XCTest.framework */,
			);
			name = Frameworks;
			sourceTree = "<group>";
		};
		F233DCF51802FB230088EBEE /* KSBTextBarTest */ = {
			isa = PBXGroup;
			children = (
				F233DD31180353520088EBEE /* Resources */,
				F233DCFE1802FB230088EBEE /* AppDelegate.h */,
				F233DCFF1802FB230088EBEE /* AppDelegate.m */,
				F233DD011802FB230088EBEE /* Images.xcassets */,
				F233DCF61802FB230088EBEE /* Supporting Files */,
				F233DD1E1802FD580088EBEE /* TextBarViewController.h */,
				F233DD1F1802FD580088EBEE /* TextBarViewController.m */,
				F233DD211802FE6C0088EBEE /* KSBTextbar.h */,
				F233DD221802FE6D0088EBEE /* KSBTextbar.m */,
			);
			path = KSBTextBarTest;
			sourceTree = "<group>";
		};
		F233DCF61802FB230088EBEE /* Supporting Files */ = {
			isa = PBXGroup;
			children = (
				F233DCF71802FB230088EBEE /* KSBTextBarTest-Info.plist */,
				F233DCF81802FB230088EBEE /* InfoPlist.strings */,
				F233DCFB1802FB230088EBEE /* main.m */,
				F233DCFD1802FB230088EBEE /* KSBTextBarTest-Prefix.pch */,
			);
			name = "Supporting Files";
			sourceTree = "<group>";
		};
		F233DD0E1802FB240088EBEE /* KSBTextBarTestTests */ = {
			isa = PBXGroup;
			children = (
				F233DD141802FB240088EBEE /* KSBTextBarTestTests.m */,
				F233DD0F1802FB240088EBEE /* Supporting Files */,
			);
			path = KSBTextBarTestTests;
			sourceTree = "<group>";
		};
		F233DD0F1802FB240088EBEE /* Supporting Files */ = {
			isa = PBXGroup;
			children = (
				F233DD101802FB240088EBEE /* KSBTextBarTestTests-Info.plist */,
				F233DD111802FB240088EBEE /* InfoPlist.strings */,
			);
			name = "Supporting Files";
			sourceTree = "<group>";
		};
		F233DD31180353520088EBEE /* Resources */ = {
			isa = PBXGroup;
			children = (
				F233DD241802FFC50088EBEE /* upbutton_inputbox.png */,
				F233DD251802FFC50088EBEE /* upbutton_inputbox@2x.png */,
			);
			name = Resources;
			sourceTree = "<group>";
		};
/* End PBXGroup section */

/* Begin PBXNativeTarget section */
		F233DCEB1802FB230088EBEE /* KSBTextBarTest */ = {
			isa = PBXNativeTarget;
			buildConfigurationList = F233DD181802FB240088EBEE /* Build configuration list for PBXNativeTarget "KSBTextBarTest" */;
			buildPhases = (
				F233DCE81802FB230088EBEE /* Sources */,
				F233DCE91802FB230088EBEE /* Frameworks */,
				F233DCEA1802FB230088EBEE /* Resources */,
			);
			buildRules = (
			);
			dependencies = (
			);
			name = KSBTextBarTest;
			productName = KSBTextBarTest;
			productReference = F233DCEC1802FB230088EBEE /* KSBTextBarTest.app */;
			productType = "com.apple.product-type.application";
		};
		F233DD061802FB240088EBEE /* KSBTextBarTestTests */ = {
			isa = PBXNativeTarget;
			buildConfigurationList = F233DD1B1802FB240088EBEE /* Build configuration list for PBXNativeTarget "KSBTextBarTestTests" */;
			buildPhases = (
				F233DD031802FB240088EBEE /* Sources */,
				F233DD041802FB240088EBEE /* Frameworks */,
				F233DD051802FB240088EBEE /* Resources */,
			);
			buildRules = (
			);
			dependencies = (
				F233DD0D1802FB240088EBEE /* PBXTargetDependency */,
			);
			name = KSBTextBarTestTests;
			productName = KSBTextBarTestTests;
			productReference = F233DD071802FB240088EBEE /* KSBTextBarTestTests.xctest */;
			productType = "com.apple.product-type.bundle.unit-test";
		};
/* End PBXNativeTarget section */

/* Begin PBXProject section */
		F233DCE41802FB230088EBEE /* Project object */ = {
			isa = PBXProject;
			attributes = {
				LastUpgradeCheck = 0500;
				ORGANIZATIONNAME = "Seungbeom Kim";
				TargetAttributes = {
					F233DD061802FB240088EBEE = {
						TestTargetID = F233DCEB1802FB230088EBEE;
					};
				};
			};
			buildConfigurationList = F233DCE71802FB230088EBEE /* Build configuration list for PBXProject "KSBTextBarTest" */;
			compatibilityVersion = "Xcode 3.2";
			developmentRegion = English;
			hasScannedForEncodings = 0;
			knownRegions = (
				en,
			);
			mainGroup = F233DCE31802FB230088EBEE;
			productRefGroup = F233DCED1802FB230088EBEE /* Products */;
			projectDirPath = "";
			projectRoot = "";
			targets = (
				F233DCEB1802FB230088EBEE /* KSBTextBarTest */,
				F233DD061802FB240088EBEE /* KSBTextBarTestTests */,
			);
		};
/* End PBXProject section */

/* Begin PBXResourcesBuildPhase section */
		F233DCEA1802FB230088EBEE /* Resources */ = {
			isa = PBXResourcesBuildPhase;
			buildActionMask = 2147483647;
			files = (
				F233DCFA1802FB230088EBEE /* InfoPlist.strings in Resources */,
				F233DD021802FB230088EBEE /* Images.xcassets in Resources */,
				F233DD271802FFC50088EBEE /* upbutton_inputbox@2x.png in Resources */,
				F233DD261802FFC50088EBEE /* upbutton_inputbox.png in Resources */,
			);
			runOnlyForDeploymentPostprocessing = 0;
		};
		F233DD051802FB240088EBEE /* Resources */ = {
			isa = PBXResourcesBuildPhase;
			buildActionMask = 2147483647;
			files = (
				F233DD131802FB240088EBEE /* InfoPlist.strings in Resources */,
			);
			runOnlyForDeploymentPostprocessing = 0;
		};
/* End PBXResourcesBuildPhase section */

/* Begin PBXSourcesBuildPhase section */
		F233DCE81802FB230088EBEE /* Sources */ = {
			isa = PBXSourcesBuildPhase;
			buildActionMask = 2147483647;
			files = (
				F233DD201802FD580088EBEE /* TextBarViewController.m in Sources */,
				F233DD231802FE6D0088EBEE /* KSBTextbar.m in Sources */,
				F233DD001802FB230088EBEE /* AppDelegate.m in Sources */,
				F233DCFC1802FB230088EBEE /* main.m in Sources */,
			);
			runOnlyForDeploymentPostprocessing = 0;
		};
		F233DD031802FB240088EBEE /* Sources */ = {
			isa = PBXSourcesBuildPhase;
			buildActionMask = 2147483647;
			files = (
				F233DD151802FB240088EBEE /* KSBTextBarTestTests.m in Sources */,
			);
			runOnlyForDeploymentPostprocessing = 0;
		};
/* End PBXSourcesBuildPhase section */

/* Begin PBXTargetDependency section */
		F233DD0D1802FB240088EBEE /* PBXTargetDependency */ = {
			isa = PBXTargetDependency;
			target = F233DCEB1802FB230088EBEE /* KSBTextBarTest */;
			targetProxy = F233DD0C1802FB240088EBEE /* PBXContainerItemProxy */;
		};
/* End PBXTargetDependency section */

/* Begin PBXVariantGroup section */
		F233DCF81802FB230088EBEE /* InfoPlist.strings */ = {
			isa = PBXVariantGroup;
			children = (
				F233DCF91802FB230088EBEE /* en */,
			);
			name = InfoPlist.strings;
			sourceTree = "<group>";
		};
		F233DD111802FB240088EBEE /* InfoPlist.strings */ = {
			isa = PBXVariantGroup;
			children = (
				F233DD121802FB240088EBEE /* en */,
			);
			name = InfoPlist.strings;
			sourceTree = "<group>";
		};
/* End PBXVariantGroup section */

/* Begin XCBuildConfiguration section */
		F233DD161802FB240088EBEE /* Debug */ = {
			isa = XCBuildConfiguration;
			buildSettings = {
				ALWAYS_SEARCH_USER_PATHS = NO;
				ARCHS = "$(ARCHS_STANDARD_INCLUDING_64_BIT)";
				CLANG_CXX_LANGUAGE_STANDARD = "gnu++0x";
				CLANG_CXX_LIBRARY = "libc++";
				CLANG_ENABLE_MODULES = YES;
				CLANG_ENABLE_OBJC_ARC = NO;
				CLANG_WARN_BOOL_CONVERSION = YES;
				CLANG_WARN_CONSTANT_CONVERSION = YES;
				CLANG_WARN_DIRECT_OBJC_ISA_USAGE = YES_ERROR;
				CLANG_WARN_EMPTY_BODY = YES;
				CLANG_WARN_ENUM_CONVERSION = YES;
				CLANG_WARN_INT_CONVERSION = YES;
				CLANG_WARN_OBJC_ROOT_CLASS = YES_ERROR;
				CLANG_WARN__DUPLICATE_METHOD_MATCH = YES;
				"CODE_SIGN_IDENTITY[sdk=iphoneos*]" = "iPhone Developer";
				COPY_PHASE_STRIP = NO;
				GCC_C_LANGUAGE_STANDARD = gnu99;
				GCC_DYNAMIC_NO_PIC = NO;
				GCC_OPTIMIZATION_LEVEL = 0;
				GCC_PREPROCESSOR_DEFINITIONS = (
					"DEBUG=1",
					"$(inherited)",
				);
				GCC_SYMBOLS_PRIVATE_EXTERN = NO;
				GCC_WARN_64_TO_32_BIT_CONVERSION = YES;
				GCC_WARN_ABOUT_RETURN_TYPE = YES_ERROR;
				GCC_WARN_UNDECLARED_SELECTOR = YES;
				GCC_WARN_UNINITIALIZED_AUTOS = YES;
				GCC_WARN_UNUSED_FUNCTION = YES;
				GCC_WARN_UNUSED_VARIABLE = YES;
				IPHONEOS_DEPLOYMENT_TARGET = 7.0;
				ONLY_ACTIVE_ARCH = YES;
				SDKROOT = iphoneos;
			};
			name = Debug;
		};
		F233DD171802FB240088EBEE /* Release */ = {
			isa = XCBuildConfiguration;
			buildSettings = {
				ALWAYS_SEARCH_USER_PATHS = NO;
				ARCHS = "$(ARCHS_STANDARD_INCLUDING_64_BIT)";
				CLANG_CXX_LANGUAGE_STANDARD = "gnu++0x";
				CLANG_CXX_LIBRARY = "libc++";
				CLANG_ENABLE_MODULES = YES;
				CLANG_ENABLE_OBJC_ARC = NO;
				CLANG_WARN_BOOL_CONVERSION = YES;
				CLANG_WARN_CONSTANT_CONVERSION = YES;
				CLANG_WARN_DIRECT_OBJC_ISA_USAGE = YES_ERROR;
				CLANG_WARN_EMPTY_BODY = YES;
				CLANG_WARN_ENUM_CONVERSION = YES;
				CLANG_WARN_INT_CONVERSION = YES;
				CLANG_WARN_OBJC_ROOT_CLASS = YES_ERROR;
				CLANG_WARN__DUPLICATE_METHOD_MATCH = YES;
				"CODE_SIGN_IDENTITY[sdk=iphoneos*]" = "iPhone Developer";
				COPY_PHASE_STRIP = YES;
				ENABLE_NS_ASSERTIONS = NO;
				GCC_C_LANGUAGE_STANDARD = gnu99;
				GCC_WARN_64_TO_32_BIT_CONVERSION = YES;
				GCC_WARN_ABOUT_RETURN_TYPE = YES_ERROR;
				GCC_WARN_UNDECLARED_SELECTOR = YES;
				GCC_WARN_UNINITIALIZED_AUTOS = YES;
				GCC_WARN_UNUSED_FUNCTION = YES;
				GCC_WARN_UNUSED_VARIABLE = YES;
				IPHONEOS_DEPLOYMENT_TARGET = 7.0;
				SDKROOT = iphoneos;
				VALIDATE_PRODUCT = YES;
			};
			name = Release;
		};
		F233DD191802FB240088EBEE /* Debug */ = {
			isa = XCBuildConfiguration;
			buildSettings = {
				ASSETCATALOG_COMPILER_APPICON_NAME = AppIcon;
				ASSETCATALOG_COMPILER_LAUNCHIMAGE_NAME = LaunchImage;
				GCC_PRECOMPILE_PREFIX_HEADER = YES;
				GCC_PREFIX_HEADER = "KSBTextBarTest/KSBTextBarTest-Prefix.pch";
				INFOPLIST_FILE = "KSBTextBarTest/KSBTextBarTest-Info.plist";
				PRODUCT_NAME = "$(TARGET_NAME)";
				WRAPPER_EXTENSION = app;
			};
			name = Debug;
		};
		F233DD1A1802FB240088EBEE /* Release */ = {
			isa = XCBuildConfiguration;
			buildSettings = {
				ASSETCATALOG_COMPILER_APPICON_NAME = AppIcon;
				ASSETCATALOG_COMPILER_LAUNCHIMAGE_NAME = LaunchImage;
				GCC_PRECOMPILE_PREFIX_HEADER = YES;
				GCC_PREFIX_HEADER = "KSBTextBarTest/KSBTextBarTest-Prefix.pch";
				INFOPLIST_FILE = "KSBTextBarTest/KSBTextBarTest-Info.plist";
				PRODUCT_NAME = "$(TARGET_NAME)";
				WRAPPER_EXTENSION = app;
			};
			name = Release;
		};
		F233DD1C1802FB240088EBEE /* Debug */ = {
			isa = XCBuildConfiguration;
			buildSettings = {
				ARCHS = "$(ARCHS_STANDARD_INCLUDING_64_BIT)";
				BUNDLE_LOADER = "$(BUILT_PRODUCTS_DIR)/KSBTextBarTest.app/KSBTextBarTest";
				FRAMEWORK_SEARCH_PATHS = (
					"$(SDKROOT)/Developer/Library/Frameworks",
					"$(inherited)",
					"$(DEVELOPER_FRAMEWORKS_DIR)",
				);
				GCC_PRECOMPILE_PREFIX_HEADER = YES;
				GCC_PREFIX_HEADER = "KSBTextBarTest/KSBTextBarTest-Prefix.pch";
				GCC_PREPROCESSOR_DEFINITIONS = (
					"DEBUG=1",
					"$(inherited)",
				);
				INFOPLIST_FILE = "KSBTextBarTestTests/KSBTextBarTestTests-Info.plist";
				PRODUCT_NAME = "$(TARGET_NAME)";
				TEST_HOST = "$(BUNDLE_LOADER)";
				WRAPPER_EXTENSION = xctest;
			};
			name = Debug;
		};
		F233DD1D1802FB240088EBEE /* Release */ = {
			isa = XCBuildConfiguration;
			buildSettings = {
				ARCHS = "$(ARCHS_STANDARD_INCLUDING_64_BIT)";
				BUNDLE_LOADER = "$(BUILT_PRODUCTS_DIR)/KSBTextBarTest.app/KSBTextBarTest";
				FRAMEWORK_SEARCH_PATHS = (
					"$(SDKROOT)/Developer/Library/Frameworks",
					"$(inherited)",
					"$(DEVELOPER_FRAMEWORKS_DIR)",
				);
				GCC_PRECOMPILE_PREFIX_HEADER = YES;
				GCC_PREFIX_HEADER = "KSBTextBarTest/KSBTextBarTest-Prefix.pch";
				INFOPLIST_FILE = "KSBTextBarTestTests/KSBTextBarTestTests-Info.plist";
				PRODUCT_NAME = "$(TARGET_NAME)";
				TEST_HOST = "$(BUNDLE_LOADER)";
				WRAPPER_EXTENSION = xctest;
			};
			name = Release;
		};
/* End XCBuildConfiguration section */

/* Begin XCConfigurationList section */
		F233DCE71802FB230088EBEE /* Build configuration list for PBXProject "KSBTextBarTest" */ = {
			isa = XCConfigurationList;
			buildConfigurations = (
				F233DD161802FB240088EBEE /* Debug */,
				F233DD171802FB240088EBEE /* Release */,
			);
			defaultConfigurationIsVisible = 0;
			defaultConfigurationName = Release;
		};
		F233DD181802FB240088EBEE /* Build configuration list for PBXNativeTarget "KSBTextBarTest" */ = {
			isa = XCConfigurationList;
			buildConfigurations = (
				F233DD191802FB240088EBEE /* Debug */,
				F233DD1A1802FB240088EBEE /* Release */,
			);
			defaultConfigurationIsVisible = 0;
			defaultConfigurationName = Release;
		};
		F233DD1B1802FB240088EBEE /* Build configuration list for PBXNativeTarget "KSBTextBarTestTests" */ = {
			isa = XCConfigurationList;
			buildConfigurations = (
				F233DD1C1802FB240088EBEE /* Debug */,
				F233DD1D1802FB240088EBEE /* Release */,
			);
			defaultConfigurationIsVisible = 0;
			defaultConfigurationName = Release;
		};
/* End XCConfigurationList section */
	};
	rootObject = F233DCE41802FB230088EBEE /* Project object */;
}
